
Microsoft Visual Studio Solution File, Format Version 12.00
# Visual Studio Version 17
VisualStudioVersion = 17.0.31612.314
MinimumVisualStudioVersion = 10.0.40219.1
Project("{FAE04EC0-301F-11D3-BF4B-00C04F79EFBC}") = "AWSIdentity", "AWSIdentity.csproj", "{42969FB8-140A-4D49-8A44-DAEA6908668D}"
EndProject
Global
	GlobalSection(SolutionConfigurationPlatforms) = preSolution
		Debug|Any CPU = Debug|Any CPU
		Release|Any CPU = Release|Any CPU
	EndGlobalSection
	GlobalSection(ProjectConfigurationPlatforms) = postSolution
		{42969FB8-140A-4D49-8A44-DAEA6908668D}.Debug|Any CPU.ActiveCfg = Debug|Any CPU
		{42969FB8-140A-4D49-8A44-DAEA6908668D}.Debug|Any CPU.Build.0 = Debug|Any CPU
		{42969FB8-140A-4D49-8A44-DAEA6908668D}.Release|Any CPU.ActiveCfg = Release|Any CPU
		{42969FB8-140A-4D49-8A44-DAEA6908668D}.Release|Any CPU.Build.0 = Release|Any CPU
	EndGlobalSection
	GlobalSection(SolutionProperties) = preSolution
		HideSolutionNode = FALSE
	EndGlobalSection
	GlobalSection(ExtensibilityGlobals) = postSolution
		SolutionGuid = {E049ABA0-F6F9-4578-B83D-1595202052F6}
	EndGlobalSection
EndGlobal
